
Microsoft Visual Studio Solution File, Format Version 12.00
# Visual Studio Version 17
VisualStudioVersion = 17.11.35303.130
MinimumVisualStudioVersion = 10.0.40219.1
Project("{2150E333-8FDC-42A3-9474-1A3956D46DE8}") = "Task0", "Task0", "{64685B35-DFFB-4EFC-B760-9CC502D7C87A}"
EndProject
Project("{9A19103F-16F7-4668-BE54-9A1E7A4F7556}") = "Tyuiu.ArapovTY.Sprint5.Task0.V7", "Tyuiu.ArapovTY.Sprint5.Task0.V7\Tyuiu.ArapovTY.Sprint5.Task0.V7.csproj", "{BDAC4DC9-CA8C-45BF-A247-CB340CAF0745}"
EndProject
Project("{9A19103F-16F7-4668-BE54-9A1E7A4F7556}") = "Tyuiu.ArapovTY.Sprint5.Task0.V7.Lib", "Tyuiu.ArapovTY.Sprint5.Task0.V7.Lib\Tyuiu.ArapovTY.Sprint5.Task0.V7.Lib.csproj", "{9C7F5831-4B51-49B3-AEE3-E0F4B1909701}"
EndProject
Project("{9A19103F-16F7-4668-BE54-9A1E7A4F7556}") = "Tyuiu.ArapovTY.Sprint5.Task0.V7.Test", "Tyuiu.ArapovTY.Sprint5.Task0.V7.Test\Tyuiu.ArapovTY.Sprint5.Task0.V7.Test.csproj", "{41AA603F-ACFB-46DF-8D26-C3FBEBE07A24}"
EndProject
Project("{2150E333-8FDC-42A3-9474-1A3956D46DE8}") = "Task1", "Task1", "{5E093FBA-5404-46DD-AF75-B83599D8D654}"
EndProject
Project("{9A19103F-16F7-4668-BE54-9A1E7A4F7556}") = "Tyuiu.ArapovTY.Sprint5.Task1.V1", "Tyuiu.ArapovTY.Sprint5.Task1.V1\Tyuiu.ArapovTY.Sprint5.Task1.V1.csproj", "{7244A5E6-4AA0-4D03-9E47-329E3ADB0C0A}"
EndProject
Project("{9A19103F-16F7-4668-BE54-9A1E7A4F7556}") = "Tyuiu.ArapovTY.Sprint5.Task1.V1.Lib", "Tyuiu.ArapovTY.Sprint5.Task1.V1.Lib\Tyuiu.ArapovTY.Sprint5.Task1.V1.Lib.csproj", "{5A307335-9040-44B4-8509-8156496D8076}"
EndProject
Project("{9A19103F-16F7-4668-BE54-9A1E7A4F7556}") = "Tyuiu.ArapovTY.Sprint5.Task1.V1.Test", "Tyuiu.ArapovTY.Sprint5.Task1.V1.Test\Tyuiu.ArapovTY.Sprint5.Task1.V1.Test.csproj", "{9E54EE7B-14D8-48DB-9766-96A0992B564C}"
EndProject
Project("{2150E333-8FDC-42A3-9474-1A3956D46DE8}") = "Task2", "Task2", "{ED93BB5B-FFC9-466C-9D1B-0776252F9206}"
EndProject
Project("{9A19103F-16F7-4668-BE54-9A1E7A4F7556}") = "Tyuiu.ArapovTY.Sprint5.Task2.V18", "Tyuiu.ArapovTY.Sprint5.Task2.V18\Tyuiu.ArapovTY.Sprint5.Task2.V18.csproj", "{FFE52EF8-B6A9-4BC7-8C43-ABB3A5772855}"
EndProject
Project("{9A19103F-16F7-4668-BE54-9A1E7A4F7556}") = "Tyuiu.ArapovTY.Sprint5.Task2.V18.Lib", "Tyuiu.ArapovTY.Sprint5.Task2.V18.Lib\Tyuiu.ArapovTY.Sprint5.Task2.V18.Lib.csproj", "{075744BC-3AA3-45B7-8876-620AF348575C}"
EndProject
Project("{9A19103F-16F7-4668-BE54-9A1E7A4F7556}") = "Tyuiu.ArapovTY.Sprint5.Task2.V18.Test", "Tyuiu.ArapovTY.Sprint5.Task2.V18.Test\Tyuiu.ArapovTY.Sprint5.Task2.V18.Test.csproj", "{34225494-27DB-457C-9B78-8D7C3AB7E046}"
EndProject
Project("{2150E333-8FDC-42A3-9474-1A3956D46DE8}") = "Task3", "Task3", "{19F9A3B2-600C-4A16-9D58-2D5572CEEBE7}"
EndProject
Project("{9A19103F-16F7-4668-BE54-9A1E7A4F7556}") = "Tyuiu.ArapovTY.Sprint5.Task3.V12", "Tyuiu.ArapovTY.Sprint5.Task3.V12\Tyuiu.ArapovTY.Sprint5.Task3.V12.csproj", "{990F8C6E-D9EE-472E-BF82-C1D360750D6A}"
EndProject
Project("{9A19103F-16F7-4668-BE54-9A1E7A4F7556}") = "Tyuiu.ArapovTY.Sprint5.Task3.V12.Lib", "Tyuiu.ArapovTY.Sprint5.Task3.V12.Lib\Tyuiu.ArapovTY.Sprint5.Task3.V12.Lib.csproj", "{5DAB2516-6DBC-4E46-B525-32965B38CDCA}"
EndProject
Project("{9A19103F-16F7-4668-BE54-9A1E7A4F7556}") = "Tyuiu.ArapovTY.Sprint5.Task3.V12.Test", "Tyuiu.ArapovTY.Sprint5.Task3.V12.Test\Tyuiu.ArapovTY.Sprint5.Task3.V12.Test.csproj", "{B88EA859-C8C4-46D8-8CB6-23FA265A3938}"
EndProject
Project("{2150E333-8FDC-42A3-9474-1A3956D46DE8}") = "Task4", "Task4", "{1F99F2BE-DF0F-4DDA-A31B-F5562BA29A80}"
EndProject
Project("{9A19103F-16F7-4668-BE54-9A1E7A4F7556}") = "Tyuiu.ArapovTY.Sprint5.Task4.V16", "Tyuiu.ArapovTY.Sprint5.Task4.V16\Tyuiu.ArapovTY.Sprint5.Task4.V16.csproj", "{68E799C5-B30F-4DF8-AE18-2E50FD8DE17C}"
EndProject
Project("{9A19103F-16F7-4668-BE54-9A1E7A4F7556}") = "Tyuiu.ArapovTY.Sprint5.Task4.V16.Lib", "Tyuiu.ArapovTY.Sprint5.Task4.V16.Lib\Tyuiu.ArapovTY.Sprint5.Task4.V16.Lib.csproj", "{70FBE8D3-8C80-4439-80BE-24F5581E636B}"
EndProject
Project("{9A19103F-16F7-4668-BE54-9A1E7A4F7556}") = "Tyuiu.ArapovTY.Sprint5.Task4.V16.Test", "Tyuiu.ArapovTY.Sprint5.Task4.V16.Test\Tyuiu.ArapovTY.Sprint5.Task4.V16.Test.csproj", "{8E52FF61-77B3-4D6B-A366-3E4C904C84E9}"
EndProject
Project("{2150E333-8FDC-42A3-9474-1A3956D46DE8}") = "Task5", "Task5", "{3EC6ED56-642B-4605-866A-5A302E97ACB5}"
EndProject
Project("{9A19103F-16F7-4668-BE54-9A1E7A4F7556}") = "Tyuiu.ArapovTY.Sprint5.Task5.V9", "Tyuiu.ArapovTY.Sprint5.Task5.V9\Tyuiu.ArapovTY.Sprint5.Task5.V9.csproj", "{4AB4AFE2-6367-427C-A94E-9A87B446208A}"
EndProject
Project("{9A19103F-16F7-4668-BE54-9A1E7A4F7556}") = "Tyuiu.ArapovTY.Sprint5.Task5.V9.Lib", "Tyuiu.ArapovTY.Sprint5.Task5.V9.Lib\Tyuiu.ArapovTY.Sprint5.Task5.V9.Lib.csproj", "{CB24EFE9-816F-4542-ACBD-B474F5B6F6F9}"
EndProject
Project("{9A19103F-16F7-4668-BE54-9A1E7A4F7556}") = "Tyuiu.ArapovTY.Sprint5.Task5.V9.Test", "Tyuiu.ArapovTY.Sprint5.Task5.V9.Test\Tyuiu.ArapovTY.Sprint5.Task5.V9.Test.csproj", "{EE6C786F-6670-4766-ACA4-C8688F27FB46}"
EndProject
Project("{2150E333-8FDC-42A3-9474-1A3956D46DE8}") = "Task6", "Task6", "{AD659304-2B85-405C-96CC-C88FD9F3E52A}"
EndProject
Project("{9A19103F-16F7-4668-BE54-9A1E7A4F7556}") = "Tyuiu.ArapovTY.Sprint5.Task6.V11", "Tyuiu.ArapovTY.Sprint5.Task6.V11\Tyuiu.ArapovTY.Sprint5.Task6.V11.csproj", "{B7CF4538-2B34-406A-B64E-250FBF8BEB7B}"
EndProject
Project("{9A19103F-16F7-4668-BE54-9A1E7A4F7556}") = "Tyuiu.ArapovTY.Sprint5.Task6.V11.Lib", "Tyuiu.ArapovTY.Sprint5.Task6.V11.Lib\Tyuiu.ArapovTY.Sprint5.Task6.V11.Lib.csproj", "{74DCDE9B-33E0-42FF-BF03-B7749FB1235A}"
EndProject
Project("{9A19103F-16F7-4668-BE54-9A1E7A4F7556}") = "Tyuiu.ArapovTY.Sprint5.Task6.V11.Test", "Tyuiu.ArapovTY.Sprint5.Task6.V11.Test\Tyuiu.ArapovTY.Sprint5.Task6.V11.Test.csproj", "{8E1E5929-B9E6-402D-9B50-6759226717E6}"
EndProject
Project("{2150E333-8FDC-42A3-9474-1A3956D46DE8}") = "Task7", "Task7", "{C6055D96-6A64-4F2D-86C8-9C083DC23B38}"
EndProject
Project("{FAE04EC0-301F-11D3-BF4B-00C04F79EFBC}") = "Tyuiu.ArapovTY.Sprint5.Task7.V29", "Tyuiu.ArapovTY.Sprint5.Task7.V29\Tyuiu.ArapovTY.Sprint5.Task7.V29.csproj", "{9EC40B4F-A12A-4FCD-B3AB-940C065FFBA2}"
EndProject
Project("{FAE04EC0-301F-11D3-BF4B-00C04F79EFBC}") = "Tyuiu.ArapovTY.Sprint5.Task7.V29.Lib", "Tyuiu.ArapovTY.Sprint5.Task7.V29.Lib\Tyuiu.ArapovTY.Sprint5.Task7.V29.Lib.csproj", "{9038A852-03B8-4CFC-BD9B-57B450CBA699}"
EndProject
Project("{FAE04EC0-301F-11D3-BF4B-00C04F79EFBC}") = "Tyuiu.ArapovTY.Sprint5.Task7.V29.Test", "Tyuiu.ArapovTY.Sprint5.Task7.V29.Test\Tyuiu.ArapovTY.Sprint5.Task7.V29.Test.csproj", "{D33268E8-06A1-4324-8863-30C660A440E5}"
EndProject
Global
	GlobalSection(SolutionConfigurationPlatforms) = preSolution
		Debug|Any CPU = Debug|Any CPU
		Release|Any CPU = Release|Any CPU
	EndGlobalSection
	GlobalSection(ProjectConfigurationPlatforms) = postSolution
		{BDAC4DC9-CA8C-45BF-A247-CB340CAF0745}.Debug|Any CPU.ActiveCfg = Debug|Any CPU
		{BDAC4DC9-CA8C-45BF-A247-CB340CAF0745}.Debug|Any CPU.Build.0 = Debug|Any CPU
		{BDAC4DC9-CA8C-45BF-A247-CB340CAF0745}.Release|Any CPU.ActiveCfg = Release|Any CPU
		{BDAC4DC9-CA8C-45BF-A247-CB340CAF0745}.Release|Any CPU.Build.0 = Release|Any CPU
		{9C7F5831-4B51-49B3-AEE3-E0F4B1909701}.Debug|Any CPU.ActiveCfg = Debug|Any CPU
		{9C7F5831-4B51-49B3-AEE3-E0F4B1909701}.Debug|Any CPU.Build.0 = Debug|Any CPU
		{9C7F5831-4B51-49B3-AEE3-E0F4B1909701}.Release|Any CPU.ActiveCfg = Release|Any CPU
		{9C7F5831-4B51-49B3-AEE3-E0F4B1909701}.Release|Any CPU.Build.0 = Release|Any CPU
		{41AA603F-ACFB-46DF-8D26-C3FBEBE07A24}.Debug|Any CPU.ActiveCfg = Debug|Any CPU
		{41AA603F-ACFB-46DF-8D26-C3FBEBE07A24}.Debug|Any CPU.Build.0 = Debug|Any CPU
		{41AA603F-ACFB-46DF-8D26-C3FBEBE07A24}.Release|Any CPU.ActiveCfg = Release|Any CPU
		{41AA603F-ACFB-46DF-8D26-C3FBEBE07A24}.Release|Any CPU.Build.0 = Release|Any CPU
		{7244A5E6-4AA0-4D03-9E47-329E3ADB0C0A}.Debug|Any CPU.ActiveCfg = Debug|Any CPU
		{7244A5E6-4AA0-4D03-9E47-329E3ADB0C0A}.Debug|Any CPU.Build.0 = Debug|Any CPU
		{7244A5E6-4AA0-4D03-9E47-329E3ADB0C0A}.Release|Any CPU.ActiveCfg = Release|Any CPU
		{7244A5E6-4AA0-4D03-9E47-329E3ADB0C0A}.Release|Any CPU.Build.0 = Release|Any CPU
		{5A307335-9040-44B4-8509-8156496D8076}.Debug|Any CPU.ActiveCfg = Debug|Any CPU
		{5A307335-9040-44B4-8509-8156496D8076}.Debug|Any CPU.Build.0 = Debug|Any CPU
		{5A307335-9040-44B4-8509-8156496D8076}.Release|Any CPU.ActiveCfg = Release|Any CPU
		{5A307335-9040-44B4-8509-8156496D8076}.Release|Any CPU.Build.0 = Release|Any CPU
		{9E54EE7B-14D8-48DB-9766-96A0992B564C}.Debug|Any CPU.ActiveCfg = Debug|Any CPU
		{9E54EE7B-14D8-48DB-9766-96A0992B564C}.Debug|Any CPU.Build.0 = Debug|Any CPU
		{9E54EE7B-14D8-48DB-9766-96A0992B564C}.Release|Any CPU.ActiveCfg = Release|Any CPU
		{9E54EE7B-14D8-48DB-9766-96A0992B564C}.Release|Any CPU.Build.0 = Release|Any CPU
		{FFE52EF8-B6A9-4BC7-8C43-ABB3A5772855}.Debug|Any CPU.ActiveCfg = Debug|Any CPU
		{FFE52EF8-B6A9-4BC7-8C43-ABB3A5772855}.Debug|Any CPU.Build.0 = Debug|Any CPU
		{FFE52EF8-B6A9-4BC7-8C43-ABB3A5772855}.Release|Any CPU.ActiveCfg = Release|Any CPU
		{FFE52EF8-B6A9-4BC7-8C43-ABB3A5772855}.Release|Any CPU.Build.0 = Release|Any CPU
		{075744BC-3AA3-45B7-8876-620AF348575C}.Debug|Any CPU.ActiveCfg = Debug|Any CPU
		{075744BC-3AA3-45B7-8876-620AF348575C}.Debug|Any CPU.Build.0 = Debug|Any CPU
		{075744BC-3AA3-45B7-8876-620AF348575C}.Release|Any CPU.ActiveCfg = Release|Any CPU
		{075744BC-3AA3-45B7-8876-620AF348575C}.Release|Any CPU.Build.0 = Release|Any CPU
		{34225494-27DB-457C-9B78-8D7C3AB7E046}.Debug|Any CPU.ActiveCfg = Debug|Any CPU
		{34225494-27DB-457C-9B78-8D7C3AB7E046}.Debug|Any CPU.Build.0 = Debug|Any CPU
		{34225494-27DB-457C-9B78-8D7C3AB7E046}.Release|Any CPU.ActiveCfg = Release|Any CPU
		{34225494-27DB-457C-9B78-8D7C3AB7E046}.Release|Any CPU.Build.0 = Release|Any CPU
		{990F8C6E-D9EE-472E-BF82-C1D360750D6A}.Debug|Any CPU.ActiveCfg = Debug|Any CPU
		{990F8C6E-D9EE-472E-BF82-C1D360750D6A}.Debug|Any CPU.Build.0 = Debug|Any CPU
		{990F8C6E-D9EE-472E-BF82-C1D360750D6A}.Release|Any CPU.ActiveCfg = Release|Any CPU
		{990F8C6E-D9EE-472E-BF82-C1D360750D6A}.Release|Any CPU.Build.0 = Release|Any CPU
		{5DAB2516-6DBC-4E46-B525-32965B38CDCA}.Debug|Any CPU.ActiveCfg = Debug|Any CPU
		{5DAB2516-6DBC-4E46-B525-32965B38CDCA}.Debug|Any CPU.Build.0 = Debug|Any CPU
		{5DAB2516-6DBC-4E46-B525-32965B38CDCA}.Release|Any CPU.ActiveCfg = Release|Any CPU
		{5DAB2516-6DBC-4E46-B525-32965B38CDCA}.Release|Any CPU.Build.0 = Release|Any CPU
		{B88EA859-C8C4-46D8-8CB6-23FA265A3938}.Debug|Any CPU.ActiveCfg = Debug|Any CPU
		{B88EA859-C8C4-46D8-8CB6-23FA265A3938}.Debug|Any CPU.Build.0 = Debug|Any CPU
		{B88EA859-C8C4-46D8-8CB6-23FA265A3938}.Release|Any CPU.ActiveCfg = Release|Any CPU
		{B88EA859-C8C4-46D8-8CB6-23FA265A3938}.Release|Any CPU.Build.0 = Release|Any CPU
		{68E799C5-B30F-4DF8-AE18-2E50FD8DE17C}.Debug|Any CPU.ActiveCfg = Debug|Any CPU
		{68E799C5-B30F-4DF8-AE18-2E50FD8DE17C}.Debug|Any CPU.Build.0 = Debug|Any CPU
		{68E799C5-B30F-4DF8-AE18-2E50FD8DE17C}.Release|Any CPU.ActiveCfg = Release|Any CPU
		{68E799C5-B30F-4DF8-AE18-2E50FD8DE17C}.Release|Any CPU.Build.0 = Release|Any CPU
		{70FBE8D3-8C80-4439-80BE-24F5581E636B}.Debug|Any CPU.ActiveCfg = Debug|Any CPU
		{70FBE8D3-8C80-4439-80BE-24F5581E636B}.Debug|Any CPU.Build.0 = Debug|Any CPU
		{70FBE8D3-8C80-4439-80BE-24F5581E636B}.Release|Any CPU.ActiveCfg = Release|Any CPU
		{70FBE8D3-8C80-4439-80BE-24F5581E636B}.Release|Any CPU.Build.0 = Release|Any CPU
		{8E52FF61-77B3-4D6B-A366-3E4C904C84E9}.Debug|Any CPU.ActiveCfg = Debug|Any CPU
		{8E52FF61-77B3-4D6B-A366-3E4C904C84E9}.Debug|Any CPU.Build.0 = Debug|Any CPU
		{8E52FF61-77B3-4D6B-A366-3E4C904C84E9}.Release|Any CPU.ActiveCfg = Release|Any CPU
		{8E52FF61-77B3-4D6B-A366-3E4C904C84E9}.Release|Any CPU.Build.0 = Release|Any CPU
		{4AB4AFE2-6367-427C-A94E-9A87B446208A}.Debug|Any CPU.ActiveCfg = Debug|Any CPU
		{4AB4AFE2-6367-427C-A94E-9A87B446208A}.Debug|Any CPU.Build.0 = Debug|Any CPU
		{4AB4AFE2-6367-427C-A94E-9A87B446208A}.Release|Any CPU.ActiveCfg = Release|Any CPU
		{4AB4AFE2-6367-427C-A94E-9A87B446208A}.Release|Any CPU.Build.0 = Release|Any CPU
		{CB24EFE9-816F-4542-ACBD-B474F5B6F6F9}.Debug|Any CPU.ActiveCfg = Debug|Any CPU
		{CB24EFE9-816F-4542-ACBD-B474F5B6F6F9}.Debug|Any CPU.Build.0 = Debug|Any CPU
		{CB24EFE9-816F-4542-ACBD-B474F5B6F6F9}.Release|Any CPU.ActiveCfg = Release|Any CPU
		{CB24EFE9-816F-4542-ACBD-B474F5B6F6F9}.Release|Any CPU.Build.0 = Release|Any CPU
		{EE6C786F-6670-4766-ACA4-C8688F27FB46}.Debug|Any CPU.ActiveCfg = Debug|Any CPU
		{EE6C786F-6670-4766-ACA4-C8688F27FB46}.Debug|Any CPU.Build.0 = Debug|Any CPU
		{EE6C786F-6670-4766-ACA4-C8688F27FB46}.Release|Any CPU.ActiveCfg = Release|Any CPU
		{EE6C786F-6670-4766-ACA4-C8688F27FB46}.Release|Any CPU.Build.0 = Release|Any CPU
		{B7CF4538-2B34-406A-B64E-250FBF8BEB7B}.Debug|Any CPU.ActiveCfg = Debug|Any CPU
		{B7CF4538-2B34-406A-B64E-250FBF8BEB7B}.Debug|Any CPU.Build.0 = Debug|Any CPU
		{B7CF4538-2B34-406A-B64E-250FBF8BEB7B}.Release|Any CPU.ActiveCfg = Release|Any CPU
		{B7CF4538-2B34-406A-B64E-250FBF8BEB7B}.Release|Any CPU.Build.0 = Release|Any CPU
		{74DCDE9B-33E0-42FF-BF03-B7749FB1235A}.Debug|Any CPU.ActiveCfg = Debug|Any CPU
		{74DCDE9B-33E0-42FF-BF03-B7749FB1235A}.Debug|Any CPU.Build.0 = Debug|Any CPU
		{74DCDE9B-33E0-42FF-BF03-B7749FB1235A}.Release|Any CPU.ActiveCfg = Release|Any CPU
		{74DCDE9B-33E0-42FF-BF03-B7749FB1235A}.Release|Any CPU.Build.0 = Release|Any CPU
		{8E1E5929-B9E6-402D-9B50-6759226717E6}.Debug|Any CPU.ActiveCfg = Debug|Any CPU
		{8E1E5929-B9E6-402D-9B50-6759226717E6}.Debug|Any CPU.Build.0 = Debug|Any CPU
		{8E1E5929-B9E6-402D-9B50-6759226717E6}.Release|Any CPU.ActiveCfg = Release|Any CPU
		{8E1E5929-B9E6-402D-9B50-6759226717E6}.Release|Any CPU.Build.0 = Release|Any CPU
		{9EC40B4F-A12A-4FCD-B3AB-940C065FFBA2}.Debug|Any CPU.ActiveCfg = Debug|Any CPU
		{9EC40B4F-A12A-4FCD-B3AB-940C065FFBA2}.Debug|Any CPU.Build.0 = Debug|Any CPU
		{9EC40B4F-A12A-4FCD-B3AB-940C065FFBA2}.Release|Any CPU.ActiveCfg = Release|Any CPU
		{9EC40B4F-A12A-4FCD-B3AB-940C065FFBA2}.Release|Any CPU.Build.0 = Release|Any CPU
		{9038A852-03B8-4CFC-BD9B-57B450CBA699}.Debug|Any CPU.ActiveCfg = Debug|Any CPU
		{9038A852-03B8-4CFC-BD9B-57B450CBA699}.Debug|Any CPU.Build.0 = Debug|Any CPU
		{9038A852-03B8-4CFC-BD9B-57B450CBA699}.Release|Any CPU.ActiveCfg = Release|Any CPU
		{9038A852-03B8-4CFC-BD9B-57B450CBA699}.Release|Any CPU.Build.0 = Release|Any CPU
		{D33268E8-06A1-4324-8863-30C660A440E5}.Debug|Any CPU.ActiveCfg = Debug|Any CPU
		{D33268E8-06A1-4324-8863-30C660A440E5}.Debug|Any CPU.Build.0 = Debug|Any CPU
		{D33268E8-06A1-4324-8863-30C660A440E5}.Release|Any CPU.ActiveCfg = Release|Any CPU
		{D33268E8-06A1-4324-8863-30C660A440E5}.Release|Any CPU.Build.0 = Release|Any CPU
	EndGlobalSection
	GlobalSection(SolutionProperties) = preSolution
		HideSolutionNode = FALSE
	EndGlobalSection
	GlobalSection(NestedProjects) = preSolution
		{BDAC4DC9-CA8C-45BF-A247-CB340CAF0745} = {64685B35-DFFB-4EFC-B760-9CC502D7C87A}
		{9C7F5831-4B51-49B3-AEE3-E0F4B1909701} = {64685B35-DFFB-4EFC-B760-9CC502D7C87A}
		{41AA603F-ACFB-46DF-8D26-C3FBEBE07A24} = {64685B35-DFFB-4EFC-B760-9CC502D7C87A}
		{7244A5E6-4AA0-4D03-9E47-329E3ADB0C0A} = {5E093FBA-5404-46DD-AF75-B83599D8D654}
		{5A307335-9040-44B4-8509-8156496D8076} = {5E093FBA-5404-46DD-AF75-B83599D8D654}
		{9E54EE7B-14D8-48DB-9766-96A0992B564C} = {5E093FBA-5404-46DD-AF75-B83599D8D654}
		{FFE52EF8-B6A9-4BC7-8C43-ABB3A5772855} = {ED93BB5B-FFC9-466C-9D1B-0776252F9206}
		{075744BC-3AA3-45B7-8876-620AF348575C} = {ED93BB5B-FFC9-466C-9D1B-0776252F9206}
		{34225494-27DB-457C-9B78-8D7C3AB7E046} = {ED93BB5B-FFC9-466C-9D1B-0776252F9206}
		{990F8C6E-D9EE-472E-BF82-C1D360750D6A} = {19F9A3B2-600C-4A16-9D58-2D5572CEEBE7}
		{5DAB2516-6DBC-4E46-B525-32965B38CDCA} = {19F9A3B2-600C-4A16-9D58-2D5572CEEBE7}
		{B88EA859-C8C4-46D8-8CB6-23FA265A3938} = {19F9A3B2-600C-4A16-9D58-2D5572CEEBE7}
		{68E799C5-B30F-4DF8-AE18-2E50FD8DE17C} = {1F99F2BE-DF0F-4DDA-A31B-F5562BA29A80}
		{70FBE8D3-8C80-4439-80BE-24F5581E636B} = {1F99F2BE-DF0F-4DDA-A31B-F5562BA29A80}
		{8E52FF61-77B3-4D6B-A366-3E4C904C84E9} = {1F99F2BE-DF0F-4DDA-A31B-F5562BA29A80}
		{4AB4AFE2-6367-427C-A94E-9A87B446208A} = {3EC6ED56-642B-4605-866A-5A302E97ACB5}
		{CB24EFE9-816F-4542-ACBD-B474F5B6F6F9} = {3EC6ED56-642B-4605-866A-5A302E97ACB5}
		{EE6C786F-6670-4766-ACA4-C8688F27FB46} = {3EC6ED56-642B-4605-866A-5A302E97ACB5}
		{B7CF4538-2B34-406A-B64E-250FBF8BEB7B} = {AD659304-2B85-405C-96CC-C88FD9F3E52A}
		{74DCDE9B-33E0-42FF-BF03-B7749FB1235A} = {AD659304-2B85-405C-96CC-C88FD9F3E52A}
		{8E1E5929-B9E6-402D-9B50-6759226717E6} = {AD659304-2B85-405C-96CC-C88FD9F3E52A}
		{9EC40B4F-A12A-4FCD-B3AB-940C065FFBA2} = {C6055D96-6A64-4F2D-86C8-9C083DC23B38}
		{9038A852-03B8-4CFC-BD9B-57B450CBA699} = {C6055D96-6A64-4F2D-86C8-9C083DC23B38}
		{D33268E8-06A1-4324-8863-30C660A440E5} = {C6055D96-6A64-4F2D-86C8-9C083DC23B38}
	EndGlobalSection
	GlobalSection(ExtensibilityGlobals) = postSolution
		SolutionGuid = {ED5C684F-5856-44EA-987F-50BE43EE69B3}
	EndGlobalSection
EndGlobal
