
Microsoft Visual Studio Solution File, Format Version 12.00
# Visual Studio Version 17
VisualStudioVersion = 17.11.35303.130
MinimumVisualStudioVersion = 10.0.40219.1
Project("{2150E333-8FDC-42A3-9474-1A3956D46DE8}") = "Task0", "Task0", "{64685B35-DFFB-4EFC-B760-9CC502D7C87A}"
EndProject
Project("{9A19103F-16F7-4668-BE54-9A1E7A4F7556}") = "Tyuiu.ArapovTY.Sprint5.Task0.V7", "Tyuiu.ArapovTY.Sprint5.Task0.V7\Tyuiu.ArapovTY.Sprint5.Task0.V7.csproj", "{BDAC4DC9-CA8C-45BF-A247-CB340CAF0745}"
EndProject
Project("{9A19103F-16F7-4668-BE54-9A1E7A4F7556}") = "Tyuiu.ArapovTY.Sprint5.Task0.V7.Lib", "Tyuiu.ArapovTY.Sprint5.Task0.V7.Lib\Tyuiu.ArapovTY.Sprint5.Task0.V7.Lib.csproj", "{9C7F5831-4B51-49B3-AEE3-E0F4B1909701}"
EndProject
Project("{9A19103F-16F7-4668-BE54-9A1E7A4F7556}") = "Tyuiu.ArapovTY.Sprint5.Task0.V7.Test", "Tyuiu.ArapovTY.Sprint5.Task0.V7.Test\Tyuiu.ArapovTY.Sprint5.Task0.V7.Test.csproj", "{41AA603F-ACFB-46DF-8D26-C3FBEBE07A24}"
EndProject
Project("{2150E333-8FDC-42A3-9474-1A3956D46DE8}") = "Task1", "Task1", "{5E093FBA-5404-46DD-AF75-B83599D8D654}"
EndProject
Project("{9A19103F-16F7-4668-BE54-9A1E7A4F7556}") = "Tyuiu.ArapovTY.Sprint5.Task1.V1", "Tyuiu.ArapovTY.Sprint5.Task1.V1\Tyuiu.ArapovTY.Sprint5.Task1.V1.csproj", "{7244A5E6-4AA0-4D03-9E47-329E3ADB0C0A}"
EndProject
Project("{9A19103F-16F7-4668-BE54-9A1E7A4F7556}") = "Tyuiu.ArapovTY.Sprint5.Task1.V1.Lib", "Tyuiu.ArapovTY.Sprint5.Task1.V1.Lib\Tyuiu.ArapovTY.Sprint5.Task1.V1.Lib.csproj", "{5A307335-9040-44B4-8509-8156496D8076}"
EndProject
Project("{9A19103F-16F7-4668-BE54-9A1E7A4F7556}") = "Tyuiu.ArapovTY.Sprint5.Task1.V1.Test", "Tyuiu.ArapovTY.Sprint5.Task1.V1.Test\Tyuiu.ArapovTY.Sprint5.Task1.V1.Test.csproj", "{9E54EE7B-14D8-48DB-9766-96A0992B564C}"
EndProject
Project("{2150E333-8FDC-42A3-9474-1A3956D46DE8}") = "Task2", "Task2", "{ED93BB5B-FFC9-466C-9D1B-0776252F9206}"
EndProject
Project("{9A19103F-16F7-4668-BE54-9A1E7A4F7556}") = "Tyuiu.ArapovTY.Sprint5.Task2.V18", "Tyuiu.ArapovTY.Sprint5.Task2.V18\Tyuiu.ArapovTY.Sprint5.Task2.V18.csproj", "{FFE52EF8-B6A9-4BC7-8C43-ABB3A5772855}"
EndProject
Project("{9A19103F-16F7-4668-BE54-9A1E7A4F7556}") = "Tyuiu.ArapovTY.Sprint5.Task2.V18.Lib", "Tyuiu.ArapovTY.Sprint5.Task2.V18.Lib\Tyuiu.ArapovTY.Sprint5.Task2.V18.Lib.csproj", "{075744BC-3AA3-45B7-8876-620AF348575C}"
EndProject
Project("{9A19103F-16F7-4668-BE54-9A1E7A4F7556}") = "Tyuiu.ArapovTY.Sprint5.Task2.V18.Test", "Tyuiu.ArapovTY.Sprint5.Task2.V18.Test\Tyuiu.ArapovTY.Sprint5.Task2.V18.Test.csproj", "{34225494-27DB-457C-9B78-8D7C3AB7E046}"
EndProject
Project("{2150E333-8FDC-42A3-9474-1A3956D46DE8}") = "Task3", "Task3", "{19F9A3B2-600C-4A16-9D58-2D5572CEEBE7}"
EndProject
Project("{9A19103F-16F7-4668-BE54-9A1E7A4F7556}") = "Tyuiu.ArapovTY.Sprint5.Task3.V12", "Tyuiu.ArapovTY.Sprint5.Task3.V12\Tyuiu.ArapovTY.Sprint5.Task3.V12.csproj", "{990F8C6E-D9EE-472E-BF82-C1D360750D6A}"
EndProject
Project("{9A19103F-16F7-4668-BE54-9A1E7A4F7556}") = "Tyuiu.ArapovTY.Sprint5.Task3.V12.Lib", "Tyuiu.ArapovTY.Sprint5.Task3.V12.Lib\Tyuiu.ArapovTY.Sprint5.Task3.V12.Lib.csproj", "{5DAB2516-6DBC-4E46-B525-32965B38CDCA}"
EndProject
Project("{9A19103F-16F7-4668-BE54-9A1E7A4F7556}") = "Tyuiu.ArapovTY.Sprint5.Task3.V12.Test", "Tyuiu.ArapovTY.Sprint5.Task3.V12.Test\Tyuiu.ArapovTY.Sprint5.Task3.V12.Test.csproj", "{B88EA859-C8C4-46D8-8CB6-23FA265A3938}"
EndProject
Project("{2150E333-8FDC-42A3-9474-1A3956D46DE8}") = "Task4", "Task4", "{1F99F2BE-DF0F-4DDA-A31B-F5562BA29A80}"
EndProject
Project("{FAE04EC0-301F-11D3-BF4B-00C04F79EFBC}") = "Tyuiu.ArapovTY.Sprint5.Task4.V16", "Tyuiu.ArapovTY.Sprint5.Task4.V16\Tyuiu.ArapovTY.Sprint5.Task4.V16.csproj", "{68E799C5-B30F-4DF8-AE18-2E50FD8DE17C}"
EndProject
Project("{FAE04EC0-301F-11D3-BF4B-00C04F79EFBC}") = "Tyuiu.ArapovTY.Sprint5.Task4.V16.Lib", "Tyuiu.ArapovTY.Sprint5.Task4.V16.Lib\Tyuiu.ArapovTY.Sprint5.Task4.V16.Lib.csproj", "{70FBE8D3-8C80-4439-80BE-24F5581E636B}"
EndProject
Project("{FAE04EC0-301F-11D3-BF4B-00C04F79EFBC}") = "Tyuiu.ArapovTY.Sprint5.Task4.V16.Test", "Tyuiu.ArapovTY.Sprint5.Task4.V16.Test\Tyuiu.ArapovTY.Sprint5.Task4.V16.Test.csproj", "{8E52FF61-77B3-4D6B-A366-3E4C904C84E9}"
EndProject
Global
	GlobalSection(SolutionConfigurationPlatforms) = preSolution
		Debug|Any CPU = Debug|Any CPU
		Release|Any CPU = Release|Any CPU
	EndGlobalSection
	GlobalSection(ProjectConfigurationPlatforms) = postSolution
		{BDAC4DC9-CA8C-45BF-A247-CB340CAF0745}.Debug|Any CPU.ActiveCfg = Debug|Any CPU
		{BDAC4DC9-CA8C-45BF-A247-CB340CAF0745}.Debug|Any CPU.Build.0 = Debug|Any CPU
		{BDAC4DC9-CA8C-45BF-A247-CB340CAF0745}.Release|Any CPU.ActiveCfg = Release|Any CPU
		{BDAC4DC9-CA8C-45BF-A247-CB340CAF0745}.Release|Any CPU.Build.0 = Release|Any CPU
		{9C7F5831-4B51-49B3-AEE3-E0F4B1909701}.Debug|Any CPU.ActiveCfg = Debug|Any CPU
		{9C7F5831-4B51-49B3-AEE3-E0F4B1909701}.Debug|Any CPU.Build.0 = Debug|Any CPU
		{9C7F5831-4B51-49B3-AEE3-E0F4B1909701}.Release|Any CPU.ActiveCfg = Release|Any CPU
		{9C7F5831-4B51-49B3-AEE3-E0F4B1909701}.Release|Any CPU.Build.0 = Release|Any CPU
		{41AA603F-ACFB-46DF-8D26-C3FBEBE07A24}.Debug|Any CPU.ActiveCfg = Debug|Any CPU
		{41AA603F-ACFB-46DF-8D26-C3FBEBE07A24}.Debug|Any CPU.Build.0 = Debug|Any CPU
		{41AA603F-ACFB-46DF-8D26-C3FBEBE07A24}.Release|Any CPU.ActiveCfg = Release|Any CPU
		{41AA603F-ACFB-46DF-8D26-C3FBEBE07A24}.Release|Any CPU.Build.0 = Release|Any CPU
		{7244A5E6-4AA0-4D03-9E47-329E3ADB0C0A}.Debug|Any CPU.ActiveCfg = Debug|Any CPU
		{7244A5E6-4AA0-4D03-9E47-329E3ADB0C0A}.Debug|Any CPU.Build.0 = Debug|Any CPU
		{7244A5E6-4AA0-4D03-9E47-329E3ADB0C0A}.Release|Any CPU.ActiveCfg = Release|Any CPU
		{7244A5E6-4AA0-4D03-9E47-329E3ADB0C0A}.Release|Any CPU.Build.0 = Release|Any CPU
		{5A307335-9040-44B4-8509-8156496D8076}.Debug|Any CPU.ActiveCfg = Debug|Any CPU
		{5A307335-9040-44B4-8509-8156496D8076}.Debug|Any CPU.Build.0 = Debug|Any CPU
		{5A307335-9040-44B4-8509-8156496D8076}.Release|Any CPU.ActiveCfg = Release|Any CPU
		{5A307335-9040-44B4-8509-8156496D8076}.Release|Any CPU.Build.0 = Release|Any CPU
		{9E54EE7B-14D8-48DB-9766-96A0992B564C}.Debug|Any CPU.ActiveCfg = Debug|Any CPU
		{9E54EE7B-14D8-48DB-9766-96A0992B564C}.Debug|Any CPU.Build.0 = Debug|Any CPU
		{9E54EE7B-14D8-48DB-9766-96A0992B564C}.Release|Any CPU.ActiveCfg = Release|Any CPU
		{9E54EE7B-14D8-48DB-9766-96A0992B564C}.Release|Any CPU.Build.0 = Release|Any CPU
		{FFE52EF8-B6A9-4BC7-8C43-ABB3A5772855}.Debug|Any CPU.ActiveCfg = Debug|Any CPU
		{FFE52EF8-B6A9-4BC7-8C43-ABB3A5772855}.Debug|Any CPU.Build.0 = Debug|Any CPU
		{FFE52EF8-B6A9-4BC7-8C43-ABB3A5772855}.Release|Any CPU.ActiveCfg = Release|Any CPU
		{FFE52EF8-B6A9-4BC7-8C43-ABB3A5772855}.Release|Any CPU.Build.0 = Release|Any CPU
		{075744BC-3AA3-45B7-8876-620AF348575C}.Debug|Any CPU.ActiveCfg = Debug|Any CPU
		{075744BC-3AA3-45B7-8876-620AF348575C}.Debug|Any CPU.Build.0 = Debug|Any CPU
		{075744BC-3AA3-45B7-8876-620AF348575C}.Release|Any CPU.ActiveCfg = Release|Any CPU
		{075744BC-3AA3-45B7-8876-620AF348575C}.Release|Any CPU.Build.0 = Release|Any CPU
		{34225494-27DB-457C-9B78-8D7C3AB7E046}.Debug|Any CPU.ActiveCfg = Debug|Any CPU
		{34225494-27DB-457C-9B78-8D7C3AB7E046}.Debug|Any CPU.Build.0 = Debug|Any CPU
		{34225494-27DB-457C-9B78-8D7C3AB7E046}.Release|Any CPU.ActiveCfg = Release|Any CPU
		{34225494-27DB-457C-9B78-8D7C3AB7E046}.Release|Any CPU.Build.0 = Release|Any CPU
		{990F8C6E-D9EE-472E-BF82-C1D360750D6A}.Debug|Any CPU.ActiveCfg = Debug|Any CPU
		{990F8C6E-D9EE-472E-BF82-C1D360750D6A}.Debug|Any CPU.Build.0 = Debug|Any CPU
		{990F8C6E-D9EE-472E-BF82-C1D360750D6A}.Release|Any CPU.ActiveCfg = Release|Any CPU
		{990F8C6E-D9EE-472E-BF82-C1D360750D6A}.Release|Any CPU.Build.0 = Release|Any CPU
		{5DAB2516-6DBC-4E46-B525-32965B38CDCA}.Debug|Any CPU.ActiveCfg = Debug|Any CPU
		{5DAB2516-6DBC-4E46-B525-32965B38CDCA}.Debug|Any CPU.Build.0 = Debug|Any CPU
		{5DAB2516-6DBC-4E46-B525-32965B38CDCA}.Release|Any CPU.ActiveCfg = Release|Any CPU
		{5DAB2516-6DBC-4E46-B525-32965B38CDCA}.Release|Any CPU.Build.0 = Release|Any CPU
		{B88EA859-C8C4-46D8-8CB6-23FA265A3938}.Debug|Any CPU.ActiveCfg = Debug|Any CPU
		{B88EA859-C8C4-46D8-8CB6-23FA265A3938}.Debug|Any CPU.Build.0 = Debug|Any CPU
		{B88EA859-C8C4-46D8-8CB6-23FA265A3938}.Release|Any CPU.ActiveCfg = Release|Any CPU
		{B88EA859-C8C4-46D8-8CB6-23FA265A3938}.Release|Any CPU.Build.0 = Release|Any CPU
		{68E799C5-B30F-4DF8-AE18-2E50FD8DE17C}.Debug|Any CPU.ActiveCfg = Debug|Any CPU
		{68E799C5-B30F-4DF8-AE18-2E50FD8DE17C}.Debug|Any CPU.Build.0 = Debug|Any CPU
		{68E799C5-B30F-4DF8-AE18-2E50FD8DE17C}.Release|Any CPU.ActiveCfg = Release|Any CPU
		{68E799C5-B30F-4DF8-AE18-2E50FD8DE17C}.Release|Any CPU.Build.0 = Release|Any CPU
		{70FBE8D3-8C80-4439-80BE-24F5581E636B}.Debug|Any CPU.ActiveCfg = Debug|Any CPU
		{70FBE8D3-8C80-4439-80BE-24F5581E636B}.Debug|Any CPU.Build.0 = Debug|Any CPU
		{70FBE8D3-8C80-4439-80BE-24F5581E636B}.Release|Any CPU.ActiveCfg = Release|Any CPU
		{70FBE8D3-8C80-4439-80BE-24F5581E636B}.Release|Any CPU.Build.0 = Release|Any CPU
		{8E52FF61-77B3-4D6B-A366-3E4C904C84E9}.Debug|Any CPU.ActiveCfg = Debug|Any CPU
		{8E52FF61-77B3-4D6B-A366-3E4C904C84E9}.Debug|Any CPU.Build.0 = Debug|Any CPU
		{8E52FF61-77B3-4D6B-A366-3E4C904C84E9}.Release|Any CPU.ActiveCfg = Release|Any CPU
		{8E52FF61-77B3-4D6B-A366-3E4C904C84E9}.Release|Any CPU.Build.0 = Release|Any CPU
	EndGlobalSection
	GlobalSection(SolutionProperties) = preSolution
		HideSolutionNode = FALSE
	EndGlobalSection
	GlobalSection(NestedProjects) = preSolution
		{BDAC4DC9-CA8C-45BF-A247-CB340CAF0745} = {64685B35-DFFB-4EFC-B760-9CC502D7C87A}
		{9C7F5831-4B51-49B3-AEE3-E0F4B1909701} = {64685B35-DFFB-4EFC-B760-9CC502D7C87A}
		{41AA603F-ACFB-46DF-8D26-C3FBEBE07A24} = {64685B35-DFFB-4EFC-B760-9CC502D7C87A}
		{7244A5E6-4AA0-4D03-9E47-329E3ADB0C0A} = {5E093FBA-5404-46DD-AF75-B83599D8D654}
		{5A307335-9040-44B4-8509-8156496D8076} = {5E093FBA-5404-46DD-AF75-B83599D8D654}
		{9E54EE7B-14D8-48DB-9766-96A0992B564C} = {5E093FBA-5404-46DD-AF75-B83599D8D654}
		{FFE52EF8-B6A9-4BC7-8C43-ABB3A5772855} = {ED93BB5B-FFC9-466C-9D1B-0776252F9206}
		{075744BC-3AA3-45B7-8876-620AF348575C} = {ED93BB5B-FFC9-466C-9D1B-0776252F9206}
		{34225494-27DB-457C-9B78-8D7C3AB7E046} = {ED93BB5B-FFC9-466C-9D1B-0776252F9206}
		{990F8C6E-D9EE-472E-BF82-C1D360750D6A} = {19F9A3B2-600C-4A16-9D58-2D5572CEEBE7}
		{5DAB2516-6DBC-4E46-B525-32965B38CDCA} = {19F9A3B2-600C-4A16-9D58-2D5572CEEBE7}
		{B88EA859-C8C4-46D8-8CB6-23FA265A3938} = {19F9A3B2-600C-4A16-9D58-2D5572CEEBE7}
		{68E799C5-B30F-4DF8-AE18-2E50FD8DE17C} = {1F99F2BE-DF0F-4DDA-A31B-F5562BA29A80}
		{70FBE8D3-8C80-4439-80BE-24F5581E636B} = {1F99F2BE-DF0F-4DDA-A31B-F5562BA29A80}
		{8E52FF61-77B3-4D6B-A366-3E4C904C84E9} = {1F99F2BE-DF0F-4DDA-A31B-F5562BA29A80}
	EndGlobalSection
	GlobalSection(ExtensibilityGlobals) = postSolution
		SolutionGuid = {ED5C684F-5856-44EA-987F-50BE43EE69B3}
	EndGlobalSection
EndGlobal
